
Microsoft Visual Studio Solution File, Format Version 12.00
# Visual Studio 15
VisualStudioVersion = 15.0.27428.2027
MinimumVisualStudioVersion = 10.0.40219.1
Project("{8BC9CEB8-8B4A-11D0-8D11-00A0C91BC942}") = "C8Disasm", "C8Disasm\C8Disasm.vcxproj", "{08414D4B-FF10-4F55-A2CC-645913078318}"
EndProject
Project("{8BC9CEB8-8B4A-11D0-8D11-00A0C91BC942}") = "C8Asm", "C8Asm\C8Asm.vcxproj", "{5EF53D1C-29F0-4172-9C9C-645B1CF7C540}"
EndProject
Project("{8BC9CEB8-8B4A-11D0-8D11-00A0C91BC942}") = "C8Emu2012", "C8Emu2012\C8Emu2012.vcxproj", "{F1DC85D9-92B1-4D2F-8B96-9C1B775E4B60}"
EndProject
Project("{8BC9CEB8-8B4A-11D0-8D11-00A0C91BC942}") = "C8LLVM", "C8LLVM\C8LLVM.vcxproj", "{DCD2A38B-6D72-41A1-B640-38EE0C9AE8DA}"
EndProject
Global
	GlobalSection(SolutionConfigurationPlatforms) = preSolution
		Debug|x64 = Debug|x64
		Debug|x86 = Debug|x86
		Release|x64 = Release|x64
		Release|x86 = Release|x86
	EndGlobalSection
	GlobalSection(ProjectConfigurationPlatforms) = postSolution
		{08414D4B-FF10-4F55-A2CC-645913078318}.Debug|x64.ActiveCfg = Debug|x64
		{08414D4B-FF10-4F55-A2CC-645913078318}.Debug|x64.Build.0 = Debug|x64
		{08414D4B-FF10-4F55-A2CC-645913078318}.Debug|x86.ActiveCfg = Debug|Win32
		{08414D4B-FF10-4F55-A2CC-645913078318}.Debug|x86.Build.0 = Debug|Win32
		{08414D4B-FF10-4F55-A2CC-645913078318}.Release|x64.ActiveCfg = Release|x64
		{08414D4B-FF10-4F55-A2CC-645913078318}.Release|x64.Build.0 = Release|x64
		{08414D4B-FF10-4F55-A2CC-645913078318}.Release|x86.ActiveCfg = Release|Win32
		{08414D4B-FF10-4F55-A2CC-645913078318}.Release|x86.Build.0 = Release|Win32
		{5EF53D1C-29F0-4172-9C9C-645B1CF7C540}.Debug|x64.ActiveCfg = Debug|x64
		{5EF53D1C-29F0-4172-9C9C-645B1CF7C540}.Debug|x64.Build.0 = Debug|x64
		{5EF53D1C-29F0-4172-9C9C-645B1CF7C540}.Debug|x86.ActiveCfg = Debug|Win32
		{5EF53D1C-29F0-4172-9C9C-645B1CF7C540}.Debug|x86.Build.0 = Debug|Win32
		{5EF53D1C-29F0-4172-9C9C-645B1CF7C540}.Release|x64.ActiveCfg = Release|x64
		{5EF53D1C-29F0-4172-9C9C-645B1CF7C540}.Release|x64.Build.0 = Release|x64
		{5EF53D1C-29F0-4172-9C9C-645B1CF7C540}.Release|x86.ActiveCfg = Release|Win32
		{5EF53D1C-29F0-4172-9C9C-645B1CF7C540}.Release|x86.Build.0 = Release|Win32
		{F1DC85D9-92B1-4D2F-8B96-9C1B775E4B60}.Debug|x64.ActiveCfg = Debug|Win32
		{F1DC85D9-92B1-4D2F-8B96-9C1B775E4B60}.Debug|x86.ActiveCfg = Debug|Win32
		{F1DC85D9-92B1-4D2F-8B96-9C1B775E4B60}.Debug|x86.Build.0 = Debug|Win32
		{F1DC85D9-92B1-4D2F-8B96-9C1B775E4B60}.Release|x64.ActiveCfg = Release|Win32
		{F1DC85D9-92B1-4D2F-8B96-9C1B775E4B60}.Release|x86.ActiveCfg = Release|Win32
		{F1DC85D9-92B1-4D2F-8B96-9C1B775E4B60}.Release|x86.Build.0 = Release|Win32
		{DCD2A38B-6D72-41A1-B640-38EE0C9AE8DA}.Debug|x64.ActiveCfg = Debug|x64
		{DCD2A38B-6D72-41A1-B640-38EE0C9AE8DA}.Debug|x64.Build.0 = Debug|x64
		{DCD2A38B-6D72-41A1-B640-38EE0C9AE8DA}.Debug|x86.ActiveCfg = Debug|Win32
		{DCD2A38B-6D72-41A1-B640-38EE0C9AE8DA}.Debug|x86.Build.0 = Debug|Win32
		{DCD2A38B-6D72-41A1-B640-38EE0C9AE8DA}.Release|x64.ActiveCfg = Release|x64
		{DCD2A38B-6D72-41A1-B640-38EE0C9AE8DA}.Release|x64.Build.0 = Release|x64
		{DCD2A38B-6D72-41A1-B640-38EE0C9AE8DA}.Release|x86.ActiveCfg = Release|Win32
		{DCD2A38B-6D72-41A1-B640-38EE0C9AE8DA}.Release|x86.Build.0 = Release|Win32
	EndGlobalSection
	GlobalSection(SolutionProperties) = preSolution
		HideSolutionNode = FALSE
	EndGlobalSection
	GlobalSection(ExtensibilityGlobals) = postSolution
		SolutionGuid = {6DE3C58D-8BB5-462E-A4D6-921CDB01D6A5}
	EndGlobalSection
EndGlobal
